neopixels:
  minutes:
    pins: 24
    colours:
      figure:
        - 255
        - 0
        - 0
      ground:
        - 0
        - 0
        - 255
  hours:
    pins: 12
    colours:
      figure:
        - 255
        - 0
        - 0
      ground:
        - 0
        - 0
        - 255

led:
  pin:        18
  freq:       800000
  dma:        5
  brightness: 16 # DOES FUCK ALL
  invert:     false
